
Microsoft Visual Studio Solution File, Format Version 12.00
# Visual Studio 15
VisualStudioVersion = 15.0.27130.2027
MinimumVisualStudioVersion = 10.0.40219.1
Project("{FAE04EC0-301F-11D3-BF4B-00C04F79EFBC}") = "ValidInput", "ValidInput\ValidInput.csproj", "{D4253CB8-EA85-42F7-9FA1-7B4596B37517}"
EndProject
Global
	GlobalSection(SolutionConfigurationPlatforms) = preSolution
		Debug|Any CPU = Debug|Any CPU
		Release|Any CPU = Release|Any CPU
	EndGlobalSection
	GlobalSection(ProjectConfigurationPlatforms) = postSolution
		{D4253CB8-EA85-42F7-9FA1-7B4596B37517}.Debug|Any CPU.ActiveCfg = Debug|Any CPU
		{D4253CB8-EA85-42F7-9FA1-7B4596B37517}.Debug|Any CPU.Build.0 = Debug|Any CPU
		{D4253CB8-EA85-42F7-9FA1-7B4596B37517}.Release|Any CPU.ActiveCfg = Release|Any CPU
		{D4253CB8-EA85-42F7-9FA1-7B4596B37517}.Release|Any CPU.Build.0 = Release|Any CPU
	EndGlobalSection
	GlobalSection(SolutionProperties) = preSolution
		HideSolutionNode = FALSE
	EndGlobalSection
	GlobalSection(ExtensibilityGlobals) = postSolution
		SolutionGuid = {C795B806-7D25-435E-9BA3-C9CB634D89BA}
	EndGlobalSection
EndGlobal
