
Microsoft Visual Studio Solution File, Format Version 12.00
# Visual Studio 15
VisualStudioVersion = 15.0.27130.2027
MinimumVisualStudioVersion = 10.0.40219.1
Project("{FAE04EC0-301F-11D3-BF4B-00C04F79EFBC}") = "InputSum", "InputSum\InputSum.csproj", "{EB9B22BC-9D88-4BB2-BA79-1FA41F027906}"
EndProject
Global
	GlobalSection(SolutionConfigurationPlatforms) = preSolution
		Debug|Any CPU = Debug|Any CPU
		Release|Any CPU = Release|Any CPU
	EndGlobalSection
	GlobalSection(ProjectConfigurationPlatforms) = postSolution
		{EB9B22BC-9D88-4BB2-BA79-1FA41F027906}.Debug|Any CPU.ActiveCfg = Debug|Any CPU
		{EB9B22BC-9D88-4BB2-BA79-1FA41F027906}.Debug|Any CPU.Build.0 = Debug|Any CPU
		{EB9B22BC-9D88-4BB2-BA79-1FA41F027906}.Release|Any CPU.ActiveCfg = Release|Any CPU
		{EB9B22BC-9D88-4BB2-BA79-1FA41F027906}.Release|Any CPU.Build.0 = Release|Any CPU
	EndGlobalSection
	GlobalSection(SolutionProperties) = preSolution
		HideSolutionNode = FALSE
	EndGlobalSection
	GlobalSection(ExtensibilityGlobals) = postSolution
		SolutionGuid = {74A539A0-E934-4F84-BD0B-C33AF0D1469B}
	EndGlobalSection
EndGlobal
